github.com/google/go-cmp v0.5.5 h1:Khx7svrCpmxxtHBq5j2mp/xVjsi8hQMfNLvJFAlrGgU=
golang.org/x/xerrors v0.0.0-20191204190536-9bdfabe68543 h1:E7g+9GITq07hpfrRu66IVDexMakfv52eLZ2CXBWiKr4=
google.golang.org/genproto/googleapis/api v0.0.0-20240730163845-b1a4ccb954bf h1:GillM0Ef0pkZPIB+5iO6SDK+4T9pf6TpaYR6ICD5rVE=
google.golang.org/genproto/googleapis/api v0.0.0-20240730163845-b1a4ccb954bf/go.mod h1:OFMYQFHJ4TM3JRlWDZhJbZfra2uqc3WLBZiaaqP4DtU=
google.golang.org/genproto/googleapis/api v0.0.0-20240805194559-2c9e96a0b5d4 h1:ABEBT/sZ7We8zd7A5f3KO6zMQe+s3901H7l8Whhijt0=
google.golang.org/genproto/googleapis/api v0.0.0-20240805194559-2c9e96a0b5d4/go.mod h1:4+X6GvPs+25wZKbQq9qyAXrwIRExv7w0Ea6MgZLZiDM=
google.golang.org/protobuf v1.34.2 h1:6xV6lTsCfpGD21XK49h7MhtcApnLqkfYgPcdHftf6hg=
google.golang.org/protobuf v1.34.2/go.mod h1:qYOHts0dSfpeUzUFpOMr/WGzszTmLH+DiWniOlNbLDw=
